
Microsoft Visual Studio Solution File, Format Version 12.00
# Visual Studio Version 17
VisualStudioVersion = 17.14.36212.18
MinimumVisualStudioVersion = 10.0.40219.1
Project("{FAE04EC0-301F-11D3-BF4B-00C04F79EFBC}") = "Aimbot", "Aimbot\Aimbot.csproj", "{B5657BB9-F7AD-4165-86F5-B37C8520C045}"
EndProject
Global
	GlobalSection(SolutionConfigurationPlatforms) = preSolution
		Debug|Any CPU = Debug|Any CPU
		Release|Any CPU = Release|Any CPU
	EndGlobalSection
	GlobalSection(ProjectConfigurationPlatforms) = postSolution
		{B5657BB9-F7AD-4165-86F5-B37C8520C045}.Debug|Any CPU.ActiveCfg = Debug|x64
		{B5657BB9-F7AD-4165-86F5-B37C8520C045}.Debug|Any CPU.Build.0 = Debug|x64
		{B5657BB9-F7AD-4165-86F5-B37C8520C045}.Release|Any CPU.ActiveCfg = Release|Any CPU
		{B5657BB9-F7AD-4165-86F5-B37C8520C045}.Release|Any CPU.Build.0 = Release|Any CPU
	EndGlobalSection
	GlobalSection(SolutionProperties) = preSolution
		HideSolutionNode = FALSE
	EndGlobalSection
	GlobalSection(ExtensibilityGlobals) = postSolution
		SolutionGuid = {A92955A6-D105-4F61-8149-F061A5FEC538}
	EndGlobalSection
EndGlobal
